
Microsoft Visual Studio Solution File, Format Version 12.00
# Visual Studio 2012
Project("{FAE04EC0-301F-11D3-BF4B-00C04F79EFBC}") = "Minesweeper2.Tests", "Minesweeper2.Tests\Minesweeper2.Tests.csproj", "{07A3F9E8-F540-4725-BB9A-EB604AA95365}"
EndProject
Project("{FAE04EC0-301F-11D3-BF4B-00C04F79EFBC}") = "Minesweeper2", "Minesweeper2\Minesweeper2.csproj", "{FB4714B1-16BC-4D52-804E-2B8A1F24987A}"
EndProject
Global
	GlobalSection(SolutionConfigurationPlatforms) = preSolution
		Debug|Any CPU = Debug|Any CPU
		Release|Any CPU = Release|Any CPU
	EndGlobalSection
	GlobalSection(ProjectConfigurationPlatforms) = postSolution
		{07A3F9E8-F540-4725-BB9A-EB604AA95365}.Debug|Any CPU.ActiveCfg = Debug|Any CPU
		{07A3F9E8-F540-4725-BB9A-EB604AA95365}.Debug|Any CPU.Build.0 = Debug|Any CPU
		{07A3F9E8-F540-4725-BB9A-EB604AA95365}.Release|Any CPU.ActiveCfg = Release|Any CPU
		{07A3F9E8-F540-4725-BB9A-EB604AA95365}.Release|Any CPU.Build.0 = Release|Any CPU
		{FB4714B1-16BC-4D52-804E-2B8A1F24987A}.Debug|Any CPU.ActiveCfg = Debug|Any CPU
		{FB4714B1-16BC-4D52-804E-2B8A1F24987A}.Debug|Any CPU.Build.0 = Debug|Any CPU
		{FB4714B1-16BC-4D52-804E-2B8A1F24987A}.Release|Any CPU.ActiveCfg = Release|Any CPU
		{FB4714B1-16BC-4D52-804E-2B8A1F24987A}.Release|Any CPU.Build.0 = Release|Any CPU
	EndGlobalSection
	GlobalSection(SolutionProperties) = preSolution
		HideSolutionNode = FALSE
	EndGlobalSection
EndGlobal
